{
  "version": "3",
  "packages": {
    "specifiers": {
      "jsr:@ero/watch@^0.1.0": "jsr:@ero/watch@0.1.0",
      "jsr:@std/assert@^0.225.2": "jsr:@std/assert@0.225.3",
      "jsr:@std/assert@^0.225.3": "jsr:@std/assert@0.225.3",
      "jsr:@std/async@^0.224.1": "jsr:@std/async@0.224.1",
      "jsr:@std/cli@^0.224.3": "jsr:@std/cli@0.224.3",
      "jsr:@std/encoding@^0.224.2": "jsr:@std/encoding@0.224.2",
      "jsr:@std/fmt@^0.225.1": "jsr:@std/fmt@0.225.3",
      "jsr:@std/fmt@^0.225.2": "jsr:@std/fmt@0.225.3",
      "jsr:@std/fmt@^0.225.3": "jsr:@std/fmt@0.225.3",
      "jsr:@std/fs@^0.229.1": "jsr:@std/fs@0.229.1",
      "jsr:@std/http@^0.224.1": "jsr:@std/http@0.224.1",
      "jsr:@std/internal@^1.0.0": "jsr:@std/internal@1.0.0",
      "jsr:@std/media-types@^1.0.0-rc.1": "jsr:@std/media-types@1.0.0-rc.1",
      "jsr:@std/path@^0.224.0": "jsr:@std/path@0.224.0",
      "jsr:@std/path@^0.225.1": "jsr:@std/path@0.225.1",
      "jsr:@std/streams@^0.224.1": "jsr:@std/streams@0.224.1",
      "jsr:@std/url@^0.224": "jsr:@std/url@0.224.0",
      "jsr:@std/url@^0.224.0": "jsr:@std/url@0.224.0"
    },
    "jsr": {
      "@ero/watch@0.1.0": {
        "integrity": "ce99e99a52eddef338ddeb81bb79df59c1cfe23ea11cda84cfb416c3e7390720",
        "dependencies": [
          "jsr:@std/async@^0.224.1",
          "jsr:@std/fmt@^0.225.3"
        ]
      },
      "@std/assert@0.225.3": {
        "integrity": "b3c2847aecf6955b50644cdb9cf072004ea3d1998dd7579fc0acb99dbb23bd4f",
        "dependencies": [
          "jsr:@std/internal@^1.0.0"
        ]
      },
      "@std/async@0.224.1": {
        "integrity": "2fda2c8151cc5811a6ca37fe825f1f71c95e02a374abb6ef868e0e19eca814a5",
        "dependencies": [
          "jsr:@std/assert@^0.225.3"
        ]
      },
      "@std/cli@0.224.3": {
        "integrity": "54fd879e24b738f6812dcc75bcae1534ba8f014245064ceae1bcfc2996c06d44",
        "dependencies": [
          "jsr:@std/assert@^0.225.3"
        ]
      },
      "@std/encoding@0.224.2": {
        "integrity": "bd9ef45d6028296440005804db7fc8fcc86e72fc1a19bb77684fb39c4a613672"
      },
      "@std/fmt@0.225.1": {
        "integrity": "44a8cb375d7344adb3cb0208b85ea0bde7cdc15224c11188c85e733834ffe356"
      },
      "@std/fmt@0.225.2": {
        "integrity": "8a2d157586372f9d5e74cdf0f463a828dee5d09d7de10e56394d8f20dbb5bf26"
      },
      "@std/fmt@0.225.3": {
        "integrity": "cb6ea567155f9865b80b502b2dde7671803eddd6dad743d8851d0de2c40bd349"
      },
      "@std/fs@0.229.1": {
        "integrity": "38d3fb31f0ca0a8c1118e039939188f32e291a3f7f17dc0868fec22024bdfadd",
        "dependencies": [
          "jsr:@std/assert@^0.225.2",
          "jsr:@std/path@^0.225.1"
        ]
      },
      "@std/http@0.224.1": {
        "integrity": "750942bf4ecdf88520efcd568cff2c1bb1e5c2bede8c901981b3b0c888faa41f",
        "dependencies": [
          "jsr:@std/assert@^0.225.3",
          "jsr:@std/async@^0.224.1",
          "jsr:@std/cli@^0.224.3",
          "jsr:@std/encoding@^0.224.2",
          "jsr:@std/fmt@^0.225.1",
          "jsr:@std/media-types@^1.0.0-rc.1",
          "jsr:@std/path@^0.225.1",
          "jsr:@std/streams@^0.224.1"
        ]
      },
      "@std/internal@1.0.0": {
        "integrity": "ac6a6dfebf838582c4b4f61a6907374e27e05bedb6ce276e0f1608fe84e7cd9a"
      },
      "@std/media-types@1.0.0-rc.1": {
        "integrity": "ff3cc8d5b536be2730fc4d446865007faf69bf4d46e7bea426d5e1d9c6ba9053"
      },
      "@std/path@0.224.0": {
        "integrity": "55bca6361e5a6d158b9380e82d4981d82d338ec587de02951e2b7c3a24910ee6"
      },
      "@std/path@0.225.1": {
        "integrity": "8c3220635a73730eb51fe43de9e10b79e2724a5bb8638b9355d35ae012fd9429",
        "dependencies": [
          "jsr:@std/assert@^0.225.2"
        ]
      },
      "@std/streams@0.224.1": {
        "integrity": "e8565a376ae3888f60770cd09e480952ec7c349007aed81b8f7165424ce2195f",
        "dependencies": [
          "jsr:@std/assert@^0.225.3"
        ]
      },
      "@std/url@0.224.0": {
        "integrity": "72f39adb5229607bff8d7d39154a801d25105e4084dbce1c60fedd5741258d43",
        "dependencies": [
          "jsr:@std/path@^0.224.0"
        ]
      }
    }
  },
  "remote": {},
  "workspace": {
    "dependencies": [
      "jsr:@ero/watch@^0.1.0",
      "jsr:@std/assert@^0.225.3",
      "jsr:@std/async@^0.224.1",
      "jsr:@std/fmt@^0.225.2",
      "jsr:@std/fs@^0.229.1",
      "jsr:@std/http@^0.224.1",
      "jsr:@std/path@^0.225.1",
      "jsr:@std/url@^0.224.0"
    ]
  }
}
